
Microsoft Visual Studio Solution File, Format Version 12.00
# Visual Studio Version 17
VisualStudioVersion = 17.5.33312.197
MinimumVisualStudioVersion = 10.0.40219.1
Project("{FAE04EC0-301F-11D3-BF4B-00C04F79EFBC}") = "LAb1", "LAb1\LAb1.csproj", "{8AC6859C-D693-4FA4-96C9-BCFA3AE95F2E}"
EndProject
Global
	GlobalSection(SolutionConfigurationPlatforms) = preSolution
		Debug|Any CPU = Debug|Any CPU
		Release|Any CPU = Release|Any CPU
	EndGlobalSection
	GlobalSection(ProjectConfigurationPlatforms) = postSolution
		{8AC6859C-D693-4FA4-96C9-BCFA3AE95F2E}.Debug|Any CPU.ActiveCfg = Debug|Any CPU
		{8AC6859C-D693-4FA4-96C9-BCFA3AE95F2E}.Debug|Any CPU.Build.0 = Debug|Any CPU
		{8AC6859C-D693-4FA4-96C9-BCFA3AE95F2E}.Release|Any CPU.ActiveCfg = Release|Any CPU
		{8AC6859C-D693-4FA4-96C9-BCFA3AE95F2E}.Release|Any CPU.Build.0 = Release|Any CPU
	EndGlobalSection
	GlobalSection(SolutionProperties) = preSolution
		HideSolutionNode = FALSE
	EndGlobalSection
	GlobalSection(ExtensibilityGlobals) = postSolution
		SolutionGuid = {84556675-1DB7-4186-98F9-59AB2D625AF2}
	EndGlobalSection
EndGlobal
