
Microsoft Visual Studio Solution File, Format Version 12.00
# Visual Studio Version 17
VisualStudioVersion = 17.5.33312.197
MinimumVisualStudioVersion = 10.0.40219.1
Project("{FAE04EC0-301F-11D3-BF4B-00C04F79EFBC}") = "Explore", "Explore\Explore.csproj", "{C07D475A-A772-4DBF-803B-3F60DEDDB71F}"
EndProject
Global
	GlobalSection(SolutionConfigurationPlatforms) = preSolution
		Debug|Any CPU = Debug|Any CPU
		Release|Any CPU = Release|Any CPU
	EndGlobalSection
	GlobalSection(ProjectConfigurationPlatforms) = postSolution
		{C07D475A-A772-4DBF-803B-3F60DEDDB71F}.Debug|Any CPU.ActiveCfg = Debug|Any CPU
		{C07D475A-A772-4DBF-803B-3F60DEDDB71F}.Debug|Any CPU.Build.0 = Debug|Any CPU
		{C07D475A-A772-4DBF-803B-3F60DEDDB71F}.Release|Any CPU.ActiveCfg = Release|Any CPU
		{C07D475A-A772-4DBF-803B-3F60DEDDB71F}.Release|Any CPU.Build.0 = Release|Any CPU
	EndGlobalSection
	GlobalSection(SolutionProperties) = preSolution
		HideSolutionNode = FALSE
	EndGlobalSection
	GlobalSection(ExtensibilityGlobals) = postSolution
		SolutionGuid = {C5973CE4-840C-4947-BBE8-460AB762D959}
	EndGlobalSection
EndGlobal
